
Microsoft Visual Studio Solution File, Format Version 12.00
# Visual Studio Version 17
VisualStudioVersion = 17.1.32228.430
MinimumVisualStudioVersion = 10.0.40219.1
Project("{FAE04EC0-301F-11D3-BF4B-00C04F79EFBC}") = "BilgeAdam.ADO", "BilgeAdam.ADO\BilgeAdam.ADO.csproj", "{31E0C8C0-4D73-4687-B98E-8E99FA9BBB69}"
EndProject
Global
	GlobalSection(SolutionConfigurationPlatforms) = preSolution
		Debug|Any CPU = Debug|Any CPU
		Release|Any CPU = Release|Any CPU
	EndGlobalSection
	GlobalSection(ProjectConfigurationPlatforms) = postSolution
		{31E0C8C0-4D73-4687-B98E-8E99FA9BBB69}.Debug|Any CPU.ActiveCfg = Debug|Any CPU
		{31E0C8C0-4D73-4687-B98E-8E99FA9BBB69}.Debug|Any CPU.Build.0 = Debug|Any CPU
		{31E0C8C0-4D73-4687-B98E-8E99FA9BBB69}.Release|Any CPU.ActiveCfg = Release|Any CPU
		{31E0C8C0-4D73-4687-B98E-8E99FA9BBB69}.Release|Any CPU.Build.0 = Release|Any CPU
	EndGlobalSection
	GlobalSection(SolutionProperties) = preSolution
		HideSolutionNode = FALSE
	EndGlobalSection
	GlobalSection(ExtensibilityGlobals) = postSolution
		SolutionGuid = {181047E3-8FEA-481D-8CE5-ACFABA1D8964}
	EndGlobalSection
EndGlobal
